
Microsoft Visual Studio Solution File, Format Version 12.00
# Visual Studio Version 17
VisualStudioVersion = 17.6.33829.357
MinimumVisualStudioVersion = 10.0.40219.1
Project("{9A19103F-16F7-4668-BE54-9A1E7A4F7556}") = "PuppeteerTestAutomation", "PuppeteerTestAutomation\PuppeteerTestAutomation.csproj", "{082545B9-EA06-45CA-B7B9-87229FB53C2B}"
EndProject
Project("{FAE04EC0-301F-11D3-BF4B-00C04F79EFBC}") = "TestAPI", "TestAPI\TestAPI.csproj", "{D9A3E8A5-73C3-4EB8-BD58-A43073BB565F}"
EndProject
Project("{FAE04EC0-301F-11D3-BF4B-00C04F79EFBC}") = "TestsAutomation", "TestsAutomation\TestsAutomation.csproj", "{50DFC1BD-3873-4783-9616-9B727FAB7287}"
EndProject
Global
	GlobalSection(SolutionConfigurationPlatforms) = preSolution
		Debug|Any CPU = Debug|Any CPU
		Release|Any CPU = Release|Any CPU
	EndGlobalSection
	GlobalSection(ProjectConfigurationPlatforms) = postSolution
		{082545B9-EA06-45CA-B7B9-87229FB53C2B}.Debug|Any CPU.ActiveCfg = Debug|Any CPU
		{082545B9-EA06-45CA-B7B9-87229FB53C2B}.Debug|Any CPU.Build.0 = Debug|Any CPU
		{082545B9-EA06-45CA-B7B9-87229FB53C2B}.Release|Any CPU.ActiveCfg = Release|Any CPU
		{082545B9-EA06-45CA-B7B9-87229FB53C2B}.Release|Any CPU.Build.0 = Release|Any CPU
		{D9A3E8A5-73C3-4EB8-BD58-A43073BB565F}.Debug|Any CPU.ActiveCfg = Debug|Any CPU
		{D9A3E8A5-73C3-4EB8-BD58-A43073BB565F}.Debug|Any CPU.Build.0 = Debug|Any CPU
		{D9A3E8A5-73C3-4EB8-BD58-A43073BB565F}.Release|Any CPU.ActiveCfg = Release|Any CPU
		{D9A3E8A5-73C3-4EB8-BD58-A43073BB565F}.Release|Any CPU.Build.0 = Release|Any CPU
		{50DFC1BD-3873-4783-9616-9B727FAB7287}.Debug|Any CPU.ActiveCfg = Debug|Any CPU
		{50DFC1BD-3873-4783-9616-9B727FAB7287}.Debug|Any CPU.Build.0 = Debug|Any CPU
		{50DFC1BD-3873-4783-9616-9B727FAB7287}.Release|Any CPU.ActiveCfg = Release|Any CPU
		{50DFC1BD-3873-4783-9616-9B727FAB7287}.Release|Any CPU.Build.0 = Release|Any CPU
	EndGlobalSection
	GlobalSection(SolutionProperties) = preSolution
		HideSolutionNode = FALSE
	EndGlobalSection
	GlobalSection(ExtensibilityGlobals) = postSolution
		SolutionGuid = {9DB41384-7160-41EC-AC7F-095A00146CA7}
	EndGlobalSection
EndGlobal
